
Microsoft Visual Studio Solution File, Format Version 12.00
# Visual Studio Version 16
VisualStudioVersion = 16.0.29905.134
MinimumVisualStudioVersion = 10.0.40219.1
Project("{9A19103F-16F7-4668-BE54-9A1E7A4F7556}") = "工厂模式", "设计模式\工厂模式.csproj", "{56F0D7E6-AE58-48EE-8207-F8B2C914B0EC}"
EndProject
Project("{9A19103F-16F7-4668-BE54-9A1E7A4F7556}") = "实战", "实战\实战.csproj", "{DDF4512B-B382-4AEC-9B0D-48BA242E8829}"
EndProject
Project("{9A19103F-16F7-4668-BE54-9A1E7A4F7556}") = "建造者模式", "建造者模式\建造者模式.csproj", "{3DEEBB27-B341-450F-924A-85E72E1C922C}"
EndProject
Project("{9A19103F-16F7-4668-BE54-9A1E7A4F7556}") = "原型模式", "原型模式\原型模式.csproj", "{208AD482-5E96-432A-BF42-CDA700334FC3}"
EndProject
Project("{9A19103F-16F7-4668-BE54-9A1E7A4F7556}") = "代理模式", "代理模式\代理模式.csproj", "{446C92B6-0323-425B-BCCB-EDB2CD6A2D87}"
EndProject
Project("{9A19103F-16F7-4668-BE54-9A1E7A4F7556}") = "桥接模式", "桥接模式\桥接模式.csproj", "{82F76A8A-05BD-4A9D-80C2-1548364319B2}"
EndProject
Project("{9A19103F-16F7-4668-BE54-9A1E7A4F7556}") = "装饰器模式", "装饰器模式\装饰器模式.csproj", "{80CB9F33-E3F6-4A33-A002-90F884398C5F}"
EndProject
Project("{2150E333-8FDC-42A3-9474-1A3956D46DE8}") = "创建型", "创建型", "{E52331BD-C13C-4856-BCE7-F6F1EA00B5D2}"
EndProject
Project("{2150E333-8FDC-42A3-9474-1A3956D46DE8}") = "结构型", "结构型", "{3CC16743-8CC8-48B7-8E3A-91AD2480B78A}"
EndProject
Project("{9A19103F-16F7-4668-BE54-9A1E7A4F7556}") = "适配器模式", "适配器模式\适配器模式.csproj", "{13C06413-7E91-47A1-A781-B29100FDB5AC}"
EndProject
Project("{9A19103F-16F7-4668-BE54-9A1E7A4F7556}") = "门面模式", "门面模式\门面模式.csproj", "{9E93D9D8-314A-4124-9FCA-335CE676DEC6}"
EndProject
Project("{9A19103F-16F7-4668-BE54-9A1E7A4F7556}") = "组合模式", "组合模式\组合模式.csproj", "{062E0D70-CE93-451E-B4E8-EFAF2C145FF4}"
EndProject
Project("{9A19103F-16F7-4668-BE54-9A1E7A4F7556}") = "组合模式-实战", "组合模式-实战\组合模式-实战.csproj", "{E725ABD0-1CD1-4E98-8104-AE975037A1DF}"
EndProject
Project("{2150E333-8FDC-42A3-9474-1A3956D46DE8}") = "行为型", "行为型", "{14BB56CF-0278-4308-BCDD-844790A07899}"
EndProject
Project("{9A19103F-16F7-4668-BE54-9A1E7A4F7556}") = "观察者模式", "观察者模式\观察者模式.csproj", "{F0CF7DA5-3B74-40D7-AE92-46F43D94D66E}"
EndProject
Project("{9A19103F-16F7-4668-BE54-9A1E7A4F7556}") = "观察者模式-实战", "观察者模式-实战\观察者模式-实战.csproj", "{F6115FB2-BDCD-40BC-BDC0-B0FAFF3842CE}"
EndProject
Project("{FAE04EC0-301F-11D3-BF4B-00C04F79EFBC}") = "模板模式", "模板模式\模板模式.csproj", "{2D3F3C68-8DAC-48B8-9863-EF404DA292A3}"
EndProject
Project("{FAE04EC0-301F-11D3-BF4B-00C04F79EFBC}") = "策略模式", "策略模式\策略模式.csproj", "{A5D6367B-816E-48B7-B074-F049DBBCB35F}"
EndProject
Project("{FAE04EC0-301F-11D3-BF4B-00C04F79EFBC}") = "职责链模式", "职责链模式\职责链模式.csproj", "{AFB336B5-4497-44F4-99D8-920ECB40D2DF}"
EndProject
Global
	GlobalSection(SolutionConfigurationPlatforms) = preSolution
		Debug|Any CPU = Debug|Any CPU
		Release|Any CPU = Release|Any CPU
	EndGlobalSection
	GlobalSection(ProjectConfigurationPlatforms) = postSolution
		{56F0D7E6-AE58-48EE-8207-F8B2C914B0EC}.Debug|Any CPU.ActiveCfg = Debug|Any CPU
		{56F0D7E6-AE58-48EE-8207-F8B2C914B0EC}.Debug|Any CPU.Build.0 = Debug|Any CPU
		{56F0D7E6-AE58-48EE-8207-F8B2C914B0EC}.Release|Any CPU.ActiveCfg = Release|Any CPU
		{56F0D7E6-AE58-48EE-8207-F8B2C914B0EC}.Release|Any CPU.Build.0 = Release|Any CPU
		{DDF4512B-B382-4AEC-9B0D-48BA242E8829}.Debug|Any CPU.ActiveCfg = Debug|Any CPU
		{DDF4512B-B382-4AEC-9B0D-48BA242E8829}.Debug|Any CPU.Build.0 = Debug|Any CPU
		{DDF4512B-B382-4AEC-9B0D-48BA242E8829}.Release|Any CPU.ActiveCfg = Release|Any CPU
		{DDF4512B-B382-4AEC-9B0D-48BA242E8829}.Release|Any CPU.Build.0 = Release|Any CPU
		{3DEEBB27-B341-450F-924A-85E72E1C922C}.Debug|Any CPU.ActiveCfg = Debug|Any CPU
		{3DEEBB27-B341-450F-924A-85E72E1C922C}.Debug|Any CPU.Build.0 = Debug|Any CPU
		{3DEEBB27-B341-450F-924A-85E72E1C922C}.Release|Any CPU.ActiveCfg = Release|Any CPU
		{3DEEBB27-B341-450F-924A-85E72E1C922C}.Release|Any CPU.Build.0 = Release|Any CPU
		{208AD482-5E96-432A-BF42-CDA700334FC3}.Debug|Any CPU.ActiveCfg = Debug|Any CPU
		{208AD482-5E96-432A-BF42-CDA700334FC3}.Debug|Any CPU.Build.0 = Debug|Any CPU
		{208AD482-5E96-432A-BF42-CDA700334FC3}.Release|Any CPU.ActiveCfg = Release|Any CPU
		{208AD482-5E96-432A-BF42-CDA700334FC3}.Release|Any CPU.Build.0 = Release|Any CPU
		{446C92B6-0323-425B-BCCB-EDB2CD6A2D87}.Debug|Any CPU.ActiveCfg = Debug|Any CPU
		{446C92B6-0323-425B-BCCB-EDB2CD6A2D87}.Debug|Any CPU.Build.0 = Debug|Any CPU
		{446C92B6-0323-425B-BCCB-EDB2CD6A2D87}.Release|Any CPU.ActiveCfg = Release|Any CPU
		{446C92B6-0323-425B-BCCB-EDB2CD6A2D87}.Release|Any CPU.Build.0 = Release|Any CPU
		{82F76A8A-05BD-4A9D-80C2-1548364319B2}.Debug|Any CPU.ActiveCfg = Debug|Any CPU
		{82F76A8A-05BD-4A9D-80C2-1548364319B2}.Debug|Any CPU.Build.0 = Debug|Any CPU
		{82F76A8A-05BD-4A9D-80C2-1548364319B2}.Release|Any CPU.ActiveCfg = Release|Any CPU
		{82F76A8A-05BD-4A9D-80C2-1548364319B2}.Release|Any CPU.Build.0 = Release|Any CPU
		{80CB9F33-E3F6-4A33-A002-90F884398C5F}.Debug|Any CPU.ActiveCfg = Debug|Any CPU
		{80CB9F33-E3F6-4A33-A002-90F884398C5F}.Debug|Any CPU.Build.0 = Debug|Any CPU
		{80CB9F33-E3F6-4A33-A002-90F884398C5F}.Release|Any CPU.ActiveCfg = Release|Any CPU
		{80CB9F33-E3F6-4A33-A002-90F884398C5F}.Release|Any CPU.Build.0 = Release|Any CPU
		{13C06413-7E91-47A1-A781-B29100FDB5AC}.Debug|Any CPU.ActiveCfg = Debug|Any CPU
		{13C06413-7E91-47A1-A781-B29100FDB5AC}.Debug|Any CPU.Build.0 = Debug|Any CPU
		{13C06413-7E91-47A1-A781-B29100FDB5AC}.Release|Any CPU.ActiveCfg = Release|Any CPU
		{13C06413-7E91-47A1-A781-B29100FDB5AC}.Release|Any CPU.Build.0 = Release|Any CPU
		{9E93D9D8-314A-4124-9FCA-335CE676DEC6}.Debug|Any CPU.ActiveCfg = Debug|Any CPU
		{9E93D9D8-314A-4124-9FCA-335CE676DEC6}.Debug|Any CPU.Build.0 = Debug|Any CPU
		{9E93D9D8-314A-4124-9FCA-335CE676DEC6}.Release|Any CPU.ActiveCfg = Release|Any CPU
		{9E93D9D8-314A-4124-9FCA-335CE676DEC6}.Release|Any CPU.Build.0 = Release|Any CPU
		{062E0D70-CE93-451E-B4E8-EFAF2C145FF4}.Debug|Any CPU.ActiveCfg = Debug|Any CPU
		{062E0D70-CE93-451E-B4E8-EFAF2C145FF4}.Debug|Any CPU.Build.0 = Debug|Any CPU
		{062E0D70-CE93-451E-B4E8-EFAF2C145FF4}.Release|Any CPU.ActiveCfg = Release|Any CPU
		{062E0D70-CE93-451E-B4E8-EFAF2C145FF4}.Release|Any CPU.Build.0 = Release|Any CPU
		{E725ABD0-1CD1-4E98-8104-AE975037A1DF}.Debug|Any CPU.ActiveCfg = Debug|Any CPU
		{E725ABD0-1CD1-4E98-8104-AE975037A1DF}.Debug|Any CPU.Build.0 = Debug|Any CPU
		{E725ABD0-1CD1-4E98-8104-AE975037A1DF}.Release|Any CPU.ActiveCfg = Release|Any CPU
		{E725ABD0-1CD1-4E98-8104-AE975037A1DF}.Release|Any CPU.Build.0 = Release|Any CPU
		{F0CF7DA5-3B74-40D7-AE92-46F43D94D66E}.Debug|Any CPU.ActiveCfg = Debug|Any CPU
		{F0CF7DA5-3B74-40D7-AE92-46F43D94D66E}.Debug|Any CPU.Build.0 = Debug|Any CPU
		{F0CF7DA5-3B74-40D7-AE92-46F43D94D66E}.Release|Any CPU.ActiveCfg = Release|Any CPU
		{F0CF7DA5-3B74-40D7-AE92-46F43D94D66E}.Release|Any CPU.Build.0 = Release|Any CPU
		{F6115FB2-BDCD-40BC-BDC0-B0FAFF3842CE}.Debug|Any CPU.ActiveCfg = Debug|Any CPU
		{F6115FB2-BDCD-40BC-BDC0-B0FAFF3842CE}.Debug|Any CPU.Build.0 = Debug|Any CPU
		{F6115FB2-BDCD-40BC-BDC0-B0FAFF3842CE}.Release|Any CPU.ActiveCfg = Release|Any CPU
		{F6115FB2-BDCD-40BC-BDC0-B0FAFF3842CE}.Release|Any CPU.Build.0 = Release|Any CPU
		{2D3F3C68-8DAC-48B8-9863-EF404DA292A3}.Debug|Any CPU.ActiveCfg = Debug|Any CPU
		{2D3F3C68-8DAC-48B8-9863-EF404DA292A3}.Debug|Any CPU.Build.0 = Debug|Any CPU
		{2D3F3C68-8DAC-48B8-9863-EF404DA292A3}.Release|Any CPU.ActiveCfg = Release|Any CPU
		{2D3F3C68-8DAC-48B8-9863-EF404DA292A3}.Release|Any CPU.Build.0 = Release|Any CPU
		{A5D6367B-816E-48B7-B074-F049DBBCB35F}.Debug|Any CPU.ActiveCfg = Debug|Any CPU
		{A5D6367B-816E-48B7-B074-F049DBBCB35F}.Debug|Any CPU.Build.0 = Debug|Any CPU
		{A5D6367B-816E-48B7-B074-F049DBBCB35F}.Release|Any CPU.ActiveCfg = Release|Any CPU
		{A5D6367B-816E-48B7-B074-F049DBBCB35F}.Release|Any CPU.Build.0 = Release|Any CPU
		{AFB336B5-4497-44F4-99D8-920ECB40D2DF}.Debug|Any CPU.ActiveCfg = Debug|Any CPU
		{AFB336B5-4497-44F4-99D8-920ECB40D2DF}.Debug|Any CPU.Build.0 = Debug|Any CPU
		{AFB336B5-4497-44F4-99D8-920ECB40D2DF}.Release|Any CPU.ActiveCfg = Release|Any CPU
		{AFB336B5-4497-44F4-99D8-920ECB40D2DF}.Release|Any CPU.Build.0 = Release|Any CPU
	EndGlobalSection
	GlobalSection(SolutionProperties) = preSolution
		HideSolutionNode = FALSE
	EndGlobalSection
	GlobalSection(NestedProjects) = preSolution
		{56F0D7E6-AE58-48EE-8207-F8B2C914B0EC} = {E52331BD-C13C-4856-BCE7-F6F1EA00B5D2}
		{3DEEBB27-B341-450F-924A-85E72E1C922C} = {E52331BD-C13C-4856-BCE7-F6F1EA00B5D2}
		{208AD482-5E96-432A-BF42-CDA700334FC3} = {E52331BD-C13C-4856-BCE7-F6F1EA00B5D2}
		{446C92B6-0323-425B-BCCB-EDB2CD6A2D87} = {3CC16743-8CC8-48B7-8E3A-91AD2480B78A}
		{82F76A8A-05BD-4A9D-80C2-1548364319B2} = {3CC16743-8CC8-48B7-8E3A-91AD2480B78A}
		{80CB9F33-E3F6-4A33-A002-90F884398C5F} = {3CC16743-8CC8-48B7-8E3A-91AD2480B78A}
		{13C06413-7E91-47A1-A781-B29100FDB5AC} = {3CC16743-8CC8-48B7-8E3A-91AD2480B78A}
		{9E93D9D8-314A-4124-9FCA-335CE676DEC6} = {3CC16743-8CC8-48B7-8E3A-91AD2480B78A}
		{062E0D70-CE93-451E-B4E8-EFAF2C145FF4} = {3CC16743-8CC8-48B7-8E3A-91AD2480B78A}
		{E725ABD0-1CD1-4E98-8104-AE975037A1DF} = {3CC16743-8CC8-48B7-8E3A-91AD2480B78A}
		{F0CF7DA5-3B74-40D7-AE92-46F43D94D66E} = {14BB56CF-0278-4308-BCDD-844790A07899}
		{F6115FB2-BDCD-40BC-BDC0-B0FAFF3842CE} = {14BB56CF-0278-4308-BCDD-844790A07899}
		{2D3F3C68-8DAC-48B8-9863-EF404DA292A3} = {14BB56CF-0278-4308-BCDD-844790A07899}
		{A5D6367B-816E-48B7-B074-F049DBBCB35F} = {14BB56CF-0278-4308-BCDD-844790A07899}
		{AFB336B5-4497-44F4-99D8-920ECB40D2DF} = {14BB56CF-0278-4308-BCDD-844790A07899}
	EndGlobalSection
	GlobalSection(ExtensibilityGlobals) = postSolution
		SolutionGuid = {B0FE9AAB-92F0-42D5-9054-37FD3BC7A8FE}
	EndGlobalSection
EndGlobal
