
Microsoft Visual Studio Solution File, Format Version 12.00
# Visual Studio Version 16
VisualStudioVersion = 16.0.29905.134
MinimumVisualStudioVersion = 10.0.40219.1
Project("{9A19103F-16F7-4668-BE54-9A1E7A4F7556}") = "工厂模式", "设计模式\工厂模式.csproj", "{56F0D7E6-AE58-48EE-8207-F8B2C914B0EC}"
EndProject
Project("{9A19103F-16F7-4668-BE54-9A1E7A4F7556}") = "实战", "实战\实战.csproj", "{DDF4512B-B382-4AEC-9B0D-48BA242E8829}"
EndProject
Project("{9A19103F-16F7-4668-BE54-9A1E7A4F7556}") = "建造者模式", "建造者模式\建造者模式.csproj", "{3DEEBB27-B341-450F-924A-85E72E1C922C}"
EndProject
Project("{9A19103F-16F7-4668-BE54-9A1E7A4F7556}") = "原型模式", "原型模式\原型模式.csproj", "{208AD482-5E96-432A-BF42-CDA700334FC3}"
EndProject
Project("{FAE04EC0-301F-11D3-BF4B-00C04F79EFBC}") = "代理模式", "代理模式\代理模式.csproj", "{446C92B6-0323-425B-BCCB-EDB2CD6A2D87}"
EndProject
Global
	GlobalSection(SolutionConfigurationPlatforms) = preSolution
		Debug|Any CPU = Debug|Any CPU
		Release|Any CPU = Release|Any CPU
	EndGlobalSection
	GlobalSection(ProjectConfigurationPlatforms) = postSolution
		{56F0D7E6-AE58-48EE-8207-F8B2C914B0EC}.Debug|Any CPU.ActiveCfg = Debug|Any CPU
		{56F0D7E6-AE58-48EE-8207-F8B2C914B0EC}.Debug|Any CPU.Build.0 = Debug|Any CPU
		{56F0D7E6-AE58-48EE-8207-F8B2C914B0EC}.Release|Any CPU.ActiveCfg = Release|Any CPU
		{56F0D7E6-AE58-48EE-8207-F8B2C914B0EC}.Release|Any CPU.Build.0 = Release|Any CPU
		{DDF4512B-B382-4AEC-9B0D-48BA242E8829}.Debug|Any CPU.ActiveCfg = Debug|Any CPU
		{DDF4512B-B382-4AEC-9B0D-48BA242E8829}.Debug|Any CPU.Build.0 = Debug|Any CPU
		{DDF4512B-B382-4AEC-9B0D-48BA242E8829}.Release|Any CPU.ActiveCfg = Release|Any CPU
		{DDF4512B-B382-4AEC-9B0D-48BA242E8829}.Release|Any CPU.Build.0 = Release|Any CPU
		{3DEEBB27-B341-450F-924A-85E72E1C922C}.Debug|Any CPU.ActiveCfg = Debug|Any CPU
		{3DEEBB27-B341-450F-924A-85E72E1C922C}.Debug|Any CPU.Build.0 = Debug|Any CPU
		{3DEEBB27-B341-450F-924A-85E72E1C922C}.Release|Any CPU.ActiveCfg = Release|Any CPU
		{3DEEBB27-B341-450F-924A-85E72E1C922C}.Release|Any CPU.Build.0 = Release|Any CPU
		{208AD482-5E96-432A-BF42-CDA700334FC3}.Debug|Any CPU.ActiveCfg = Debug|Any CPU
		{208AD482-5E96-432A-BF42-CDA700334FC3}.Debug|Any CPU.Build.0 = Debug|Any CPU
		{208AD482-5E96-432A-BF42-CDA700334FC3}.Release|Any CPU.ActiveCfg = Release|Any CPU
		{208AD482-5E96-432A-BF42-CDA700334FC3}.Release|Any CPU.Build.0 = Release|Any CPU
		{446C92B6-0323-425B-BCCB-EDB2CD6A2D87}.Debug|Any CPU.ActiveCfg = Debug|Any CPU
		{446C92B6-0323-425B-BCCB-EDB2CD6A2D87}.Debug|Any CPU.Build.0 = Debug|Any CPU
		{446C92B6-0323-425B-BCCB-EDB2CD6A2D87}.Release|Any CPU.ActiveCfg = Release|Any CPU
		{446C92B6-0323-425B-BCCB-EDB2CD6A2D87}.Release|Any CPU.Build.0 = Release|Any CPU
	EndGlobalSection
	GlobalSection(SolutionProperties) = preSolution
		HideSolutionNode = FALSE
	EndGlobalSection
	GlobalSection(ExtensibilityGlobals) = postSolution
		SolutionGuid = {B0FE9AAB-92F0-42D5-9054-37FD3BC7A8FE}
	EndGlobalSection
EndGlobal
