
Microsoft Visual Studio Solution File, Format Version 12.00
# Visual Studio Version 17
VisualStudioVersion = 17.1.31911.260
MinimumVisualStudioVersion = 10.0.40219.1
Project("{9A19103F-16F7-4668-BE54-9A1E7A4F7556}") = "工厂模式", "设计模式\工厂模式.csproj", "{56F0D7E6-AE58-48EE-8207-F8B2C914B0EC}"
EndProject
Project("{9A19103F-16F7-4668-BE54-9A1E7A4F7556}") = "建造者模式", "建造者模式\建造者模式.csproj", "{3DEEBB27-B341-450F-924A-85E72E1C922C}"
EndProject
Project("{9A19103F-16F7-4668-BE54-9A1E7A4F7556}") = "原型模式", "原型模式\原型模式.csproj", "{208AD482-5E96-432A-BF42-CDA700334FC3}"
EndProject
Project("{9A19103F-16F7-4668-BE54-9A1E7A4F7556}") = "代理模式", "代理模式\代理模式.csproj", "{446C92B6-0323-425B-BCCB-EDB2CD6A2D87}"
EndProject
Project("{9A19103F-16F7-4668-BE54-9A1E7A4F7556}") = "桥接模式", "桥接模式\桥接模式.csproj", "{82F76A8A-05BD-4A9D-80C2-1548364319B2}"
EndProject
Project("{9A19103F-16F7-4668-BE54-9A1E7A4F7556}") = "装饰器模式", "装饰器模式\装饰器模式.csproj", "{80CB9F33-E3F6-4A33-A002-90F884398C5F}"
EndProject
Project("{2150E333-8FDC-42A3-9474-1A3956D46DE8}") = "创建型", "创建型", "{E52331BD-C13C-4856-BCE7-F6F1EA00B5D2}"
EndProject
Project("{2150E333-8FDC-42A3-9474-1A3956D46DE8}") = "结构型", "结构型", "{3CC16743-8CC8-48B7-8E3A-91AD2480B78A}"
EndProject
Project("{9A19103F-16F7-4668-BE54-9A1E7A4F7556}") = "适配器模式", "适配器模式\适配器模式.csproj", "{13C06413-7E91-47A1-A781-B29100FDB5AC}"
EndProject
Project("{9A19103F-16F7-4668-BE54-9A1E7A4F7556}") = "门面模式", "门面模式\门面模式.csproj", "{9E93D9D8-314A-4124-9FCA-335CE676DEC6}"
EndProject
Project("{9A19103F-16F7-4668-BE54-9A1E7A4F7556}") = "组合模式", "组合模式\组合模式.csproj", "{062E0D70-CE93-451E-B4E8-EFAF2C145FF4}"
EndProject
Project("{9A19103F-16F7-4668-BE54-9A1E7A4F7556}") = "组合模式-实战", "组合模式-实战\组合模式-实战.csproj", "{E725ABD0-1CD1-4E98-8104-AE975037A1DF}"
EndProject
Project("{2150E333-8FDC-42A3-9474-1A3956D46DE8}") = "行为型", "行为型", "{14BB56CF-0278-4308-BCDD-844790A07899}"
EndProject
Project("{9A19103F-16F7-4668-BE54-9A1E7A4F7556}") = "观察者模式", "观察者模式\观察者模式.csproj", "{F0CF7DA5-3B74-40D7-AE92-46F43D94D66E}"
EndProject
Project("{9A19103F-16F7-4668-BE54-9A1E7A4F7556}") = "观察者模式-实战", "观察者模式-实战\观察者模式-实战.csproj", "{F6115FB2-BDCD-40BC-BDC0-B0FAFF3842CE}"
EndProject
Project("{9A19103F-16F7-4668-BE54-9A1E7A4F7556}") = "模板模式", "模板模式\模板模式.csproj", "{2D3F3C68-8DAC-48B8-9863-EF404DA292A3}"
EndProject
Project("{9A19103F-16F7-4668-BE54-9A1E7A4F7556}") = "策略模式", "策略模式\策略模式.csproj", "{A5D6367B-816E-48B7-B074-F049DBBCB35F}"
EndProject
Project("{9A19103F-16F7-4668-BE54-9A1E7A4F7556}") = "职责链模式", "职责链模式\职责链模式.csproj", "{AFB336B5-4497-44F4-99D8-920ECB40D2DF}"
EndProject
Project("{9A19103F-16F7-4668-BE54-9A1E7A4F7556}") = "职责链模式2", "职责链模式2\职责链模式2.csproj", "{F8F38F82-5103-40D3-BEA6-314DB8F8CC5C}"
EndProject
Project("{9A19103F-16F7-4668-BE54-9A1E7A4F7556}") = "状态模式", "状态模式\状态模式.csproj", "{B0290082-762C-4250-9A86-8385DDF1E766}"
EndProject
Project("{9A19103F-16F7-4668-BE54-9A1E7A4F7556}") = "状态模式2", "状态模式2\状态模式2.csproj", "{919D5D84-EBF7-42DB-974F-BE18C395CA60}"
EndProject
Project("{9A19103F-16F7-4668-BE54-9A1E7A4F7556}") = "状态模式3", "状态模式3\状态模式3.csproj", "{75D27D0B-C50B-4465-B372-6099CDEC12BF}"
EndProject
Project("{9A19103F-16F7-4668-BE54-9A1E7A4F7556}") = "迭代器模式", "迭代器模式\迭代器模式.csproj", "{F41981E8-B8D9-41E2-9D44-498B93B5C3AE}"
EndProject
Project("{9A19103F-16F7-4668-BE54-9A1E7A4F7556}") = "单例模式", "单例模式\单例模式.csproj", "{1B40C644-720D-4D33-81BF-490C364BC3C6}"
EndProject
Project("{9A19103F-16F7-4668-BE54-9A1E7A4F7556}") = "单例模式-实战", "单例模式-实战\单例模式-实战.csproj", "{A49E0515-5FFC-46E0-B8E3-DAC06F75CF25}"
EndProject
Project("{9A19103F-16F7-4668-BE54-9A1E7A4F7556}") = "单例模式-最佳实践", "单例模式-最佳实践\单例模式-最佳实践.csproj", "{C8610198-6190-4C6D-92E4-95234908545A}"
EndProject
Project("{2150E333-8FDC-42A3-9474-1A3956D46DE8}") = "理论", "理论", "{895DA225-CE34-49AC-9242-FEF5254E2F96}"
EndProject
Project("{9A19103F-16F7-4668-BE54-9A1E7A4F7556}") = "控制反转", "控制反转\控制反转.csproj", "{B187FD84-845D-4619-9E0F-6CE8070FE475}"
EndProject
Project("{9A19103F-16F7-4668-BE54-9A1E7A4F7556}") = "依赖注入", "依赖注入\依赖注入.csproj", "{C67A4336-8A82-400B-BC4F-9002762BB121}"
EndProject
Project("{9A19103F-16F7-4668-BE54-9A1E7A4F7556}") = "组合优于继承", "组合优于继承\组合优于继承.csproj", "{D1499DD5-A721-48FB-85CC-F21E7853A76B}"
EndProject
Project("{9A19103F-16F7-4668-BE54-9A1E7A4F7556}") = "接口和抽象类", "接口和抽象类\接口和抽象类.csproj", "{091F056B-61AC-4CA2-B5A9-AEA1C79D65B6}"
EndProject
Project("{9A19103F-16F7-4668-BE54-9A1E7A4F7556}") = "接口实战", "接口实战\接口实战.csproj", "{C22A0891-4CC1-493A-B1C8-E21BEC488F84}"
EndProject
Project("{9A19103F-16F7-4668-BE54-9A1E7A4F7556}") = "鉴权接口实战", "鉴权接口实战\鉴权接口实战.csproj", "{591427D8-95AA-4331-93A9-6C21675F8BAE}"
EndProject
Project("{2150E333-8FDC-42A3-9474-1A3956D46DE8}") = "理论-SOLID", "理论-SOLID", "{6AC1F8A1-583B-4004-A38D-864F62A79734}"
EndProject
Project("{9A19103F-16F7-4668-BE54-9A1E7A4F7556}") = "开闭原则-OCP", "开闭原则-OCP\开闭原则-OCP.csproj", "{1F8DE0A6-11AD-42B0-8267-AD66E24C83DA}"
EndProject
Project("{9A19103F-16F7-4668-BE54-9A1E7A4F7556}") = "里氏替换原则_LSP", "里氏替换原则_LSP\里氏替换原则_LSP.csproj", "{FE2546C7-6AB0-48C7-8737-3DD6328B575F}"
EndProject
Project("{9A19103F-16F7-4668-BE54-9A1E7A4F7556}") = "访问者模式", "访问者模式\访问者模式.csproj", "{3F8A3EBE-18D6-47B4-9E6A-DD3AF811D139}"
EndProject
Project("{9A19103F-16F7-4668-BE54-9A1E7A4F7556}") = "访问者模式2", "访问者模式2\访问者模式2.csproj", "{828D6047-1636-48C1-9812-881586E43BD2}"
EndProject
Project("{9A19103F-16F7-4668-BE54-9A1E7A4F7556}") = "备忘录模式", "备忘录模式\备忘录模式.csproj", "{53A5FE49-553B-4736-8F68-DCB8D423A1DA}"
EndProject
Project("{9A19103F-16F7-4668-BE54-9A1E7A4F7556}") = "命令模式", "命令模式\命令模式.csproj", "{E7FD286D-36CB-4179-9543-9E14E6373476}"
EndProject
Project("{FAE04EC0-301F-11D3-BF4B-00C04F79EFBC}") = "中介模式", "中介模式\中介模式.csproj", "{967F108D-39A3-41FA-9D0B-A4DD8B30509D}"
EndProject
Global
	GlobalSection(SolutionConfigurationPlatforms) = preSolution
		Debug|Any CPU = Debug|Any CPU
		Release|Any CPU = Release|Any CPU
	EndGlobalSection
	GlobalSection(ProjectConfigurationPlatforms) = postSolution
		{56F0D7E6-AE58-48EE-8207-F8B2C914B0EC}.Debug|Any CPU.ActiveCfg = Debug|Any CPU
		{56F0D7E6-AE58-48EE-8207-F8B2C914B0EC}.Debug|Any CPU.Build.0 = Debug|Any CPU
		{56F0D7E6-AE58-48EE-8207-F8B2C914B0EC}.Release|Any CPU.ActiveCfg = Release|Any CPU
		{56F0D7E6-AE58-48EE-8207-F8B2C914B0EC}.Release|Any CPU.Build.0 = Release|Any CPU
		{3DEEBB27-B341-450F-924A-85E72E1C922C}.Debug|Any CPU.ActiveCfg = Debug|Any CPU
		{3DEEBB27-B341-450F-924A-85E72E1C922C}.Debug|Any CPU.Build.0 = Debug|Any CPU
		{3DEEBB27-B341-450F-924A-85E72E1C922C}.Release|Any CPU.ActiveCfg = Release|Any CPU
		{3DEEBB27-B341-450F-924A-85E72E1C922C}.Release|Any CPU.Build.0 = Release|Any CPU
		{208AD482-5E96-432A-BF42-CDA700334FC3}.Debug|Any CPU.ActiveCfg = Debug|Any CPU
		{208AD482-5E96-432A-BF42-CDA700334FC3}.Debug|Any CPU.Build.0 = Debug|Any CPU
		{208AD482-5E96-432A-BF42-CDA700334FC3}.Release|Any CPU.ActiveCfg = Release|Any CPU
		{208AD482-5E96-432A-BF42-CDA700334FC3}.Release|Any CPU.Build.0 = Release|Any CPU
		{446C92B6-0323-425B-BCCB-EDB2CD6A2D87}.Debug|Any CPU.ActiveCfg = Debug|Any CPU
		{446C92B6-0323-425B-BCCB-EDB2CD6A2D87}.Debug|Any CPU.Build.0 = Debug|Any CPU
		{446C92B6-0323-425B-BCCB-EDB2CD6A2D87}.Release|Any CPU.ActiveCfg = Release|Any CPU
		{446C92B6-0323-425B-BCCB-EDB2CD6A2D87}.Release|Any CPU.Build.0 = Release|Any CPU
		{82F76A8A-05BD-4A9D-80C2-1548364319B2}.Debug|Any CPU.ActiveCfg = Debug|Any CPU
		{82F76A8A-05BD-4A9D-80C2-1548364319B2}.Debug|Any CPU.Build.0 = Debug|Any CPU
		{82F76A8A-05BD-4A9D-80C2-1548364319B2}.Release|Any CPU.ActiveCfg = Release|Any CPU
		{82F76A8A-05BD-4A9D-80C2-1548364319B2}.Release|Any CPU.Build.0 = Release|Any CPU
		{80CB9F33-E3F6-4A33-A002-90F884398C5F}.Debug|Any CPU.ActiveCfg = Debug|Any CPU
		{80CB9F33-E3F6-4A33-A002-90F884398C5F}.Debug|Any CPU.Build.0 = Debug|Any CPU
		{80CB9F33-E3F6-4A33-A002-90F884398C5F}.Release|Any CPU.ActiveCfg = Release|Any CPU
		{80CB9F33-E3F6-4A33-A002-90F884398C5F}.Release|Any CPU.Build.0 = Release|Any CPU
		{13C06413-7E91-47A1-A781-B29100FDB5AC}.Debug|Any CPU.ActiveCfg = Debug|Any CPU
		{13C06413-7E91-47A1-A781-B29100FDB5AC}.Debug|Any CPU.Build.0 = Debug|Any CPU
		{13C06413-7E91-47A1-A781-B29100FDB5AC}.Release|Any CPU.ActiveCfg = Release|Any CPU
		{13C06413-7E91-47A1-A781-B29100FDB5AC}.Release|Any CPU.Build.0 = Release|Any CPU
		{9E93D9D8-314A-4124-9FCA-335CE676DEC6}.Debug|Any CPU.ActiveCfg = Debug|Any CPU
		{9E93D9D8-314A-4124-9FCA-335CE676DEC6}.Debug|Any CPU.Build.0 = Debug|Any CPU
		{9E93D9D8-314A-4124-9FCA-335CE676DEC6}.Release|Any CPU.ActiveCfg = Release|Any CPU
		{9E93D9D8-314A-4124-9FCA-335CE676DEC6}.Release|Any CPU.Build.0 = Release|Any CPU
		{062E0D70-CE93-451E-B4E8-EFAF2C145FF4}.Debug|Any CPU.ActiveCfg = Debug|Any CPU
		{062E0D70-CE93-451E-B4E8-EFAF2C145FF4}.Debug|Any CPU.Build.0 = Debug|Any CPU
		{062E0D70-CE93-451E-B4E8-EFAF2C145FF4}.Release|Any CPU.ActiveCfg = Release|Any CPU
		{062E0D70-CE93-451E-B4E8-EFAF2C145FF4}.Release|Any CPU.Build.0 = Release|Any CPU
		{E725ABD0-1CD1-4E98-8104-AE975037A1DF}.Debug|Any CPU.ActiveCfg = Debug|Any CPU
		{E725ABD0-1CD1-4E98-8104-AE975037A1DF}.Debug|Any CPU.Build.0 = Debug|Any CPU
		{E725ABD0-1CD1-4E98-8104-AE975037A1DF}.Release|Any CPU.ActiveCfg = Release|Any CPU
		{E725ABD0-1CD1-4E98-8104-AE975037A1DF}.Release|Any CPU.Build.0 = Release|Any CPU
		{F0CF7DA5-3B74-40D7-AE92-46F43D94D66E}.Debug|Any CPU.ActiveCfg = Debug|Any CPU
		{F0CF7DA5-3B74-40D7-AE92-46F43D94D66E}.Debug|Any CPU.Build.0 = Debug|Any CPU
		{F0CF7DA5-3B74-40D7-AE92-46F43D94D66E}.Release|Any CPU.ActiveCfg = Release|Any CPU
		{F0CF7DA5-3B74-40D7-AE92-46F43D94D66E}.Release|Any CPU.Build.0 = Release|Any CPU
		{F6115FB2-BDCD-40BC-BDC0-B0FAFF3842CE}.Debug|Any CPU.ActiveCfg = Debug|Any CPU
		{F6115FB2-BDCD-40BC-BDC0-B0FAFF3842CE}.Debug|Any CPU.Build.0 = Debug|Any CPU
		{F6115FB2-BDCD-40BC-BDC0-B0FAFF3842CE}.Release|Any CPU.ActiveCfg = Release|Any CPU
		{F6115FB2-BDCD-40BC-BDC0-B0FAFF3842CE}.Release|Any CPU.Build.0 = Release|Any CPU
		{2D3F3C68-8DAC-48B8-9863-EF404DA292A3}.Debug|Any CPU.ActiveCfg = Debug|Any CPU
		{2D3F3C68-8DAC-48B8-9863-EF404DA292A3}.Debug|Any CPU.Build.0 = Debug|Any CPU
		{2D3F3C68-8DAC-48B8-9863-EF404DA292A3}.Release|Any CPU.ActiveCfg = Release|Any CPU
		{2D3F3C68-8DAC-48B8-9863-EF404DA292A3}.Release|Any CPU.Build.0 = Release|Any CPU
		{A5D6367B-816E-48B7-B074-F049DBBCB35F}.Debug|Any CPU.ActiveCfg = Debug|Any CPU
		{A5D6367B-816E-48B7-B074-F049DBBCB35F}.Debug|Any CPU.Build.0 = Debug|Any CPU
		{A5D6367B-816E-48B7-B074-F049DBBCB35F}.Release|Any CPU.ActiveCfg = Release|Any CPU
		{A5D6367B-816E-48B7-B074-F049DBBCB35F}.Release|Any CPU.Build.0 = Release|Any CPU
		{AFB336B5-4497-44F4-99D8-920ECB40D2DF}.Debug|Any CPU.ActiveCfg = Debug|Any CPU
		{AFB336B5-4497-44F4-99D8-920ECB40D2DF}.Debug|Any CPU.Build.0 = Debug|Any CPU
		{AFB336B5-4497-44F4-99D8-920ECB40D2DF}.Release|Any CPU.ActiveCfg = Release|Any CPU
		{AFB336B5-4497-44F4-99D8-920ECB40D2DF}.Release|Any CPU.Build.0 = Release|Any CPU
		{F8F38F82-5103-40D3-BEA6-314DB8F8CC5C}.Debug|Any CPU.ActiveCfg = Debug|Any CPU
		{F8F38F82-5103-40D3-BEA6-314DB8F8CC5C}.Debug|Any CPU.Build.0 = Debug|Any CPU
		{F8F38F82-5103-40D3-BEA6-314DB8F8CC5C}.Release|Any CPU.ActiveCfg = Release|Any CPU
		{F8F38F82-5103-40D3-BEA6-314DB8F8CC5C}.Release|Any CPU.Build.0 = Release|Any CPU
		{B0290082-762C-4250-9A86-8385DDF1E766}.Debug|Any CPU.ActiveCfg = Debug|Any CPU
		{B0290082-762C-4250-9A86-8385DDF1E766}.Debug|Any CPU.Build.0 = Debug|Any CPU
		{B0290082-762C-4250-9A86-8385DDF1E766}.Release|Any CPU.ActiveCfg = Release|Any CPU
		{B0290082-762C-4250-9A86-8385DDF1E766}.Release|Any CPU.Build.0 = Release|Any CPU
		{919D5D84-EBF7-42DB-974F-BE18C395CA60}.Debug|Any CPU.ActiveCfg = Debug|Any CPU
		{919D5D84-EBF7-42DB-974F-BE18C395CA60}.Debug|Any CPU.Build.0 = Debug|Any CPU
		{919D5D84-EBF7-42DB-974F-BE18C395CA60}.Release|Any CPU.ActiveCfg = Release|Any CPU
		{919D5D84-EBF7-42DB-974F-BE18C395CA60}.Release|Any CPU.Build.0 = Release|Any CPU
		{75D27D0B-C50B-4465-B372-6099CDEC12BF}.Debug|Any CPU.ActiveCfg = Debug|Any CPU
		{75D27D0B-C50B-4465-B372-6099CDEC12BF}.Debug|Any CPU.Build.0 = Debug|Any CPU
		{75D27D0B-C50B-4465-B372-6099CDEC12BF}.Release|Any CPU.ActiveCfg = Release|Any CPU
		{75D27D0B-C50B-4465-B372-6099CDEC12BF}.Release|Any CPU.Build.0 = Release|Any CPU
		{F41981E8-B8D9-41E2-9D44-498B93B5C3AE}.Debug|Any CPU.ActiveCfg = Debug|Any CPU
		{F41981E8-B8D9-41E2-9D44-498B93B5C3AE}.Debug|Any CPU.Build.0 = Debug|Any CPU
		{F41981E8-B8D9-41E2-9D44-498B93B5C3AE}.Release|Any CPU.ActiveCfg = Release|Any CPU
		{F41981E8-B8D9-41E2-9D44-498B93B5C3AE}.Release|Any CPU.Build.0 = Release|Any CPU
		{1B40C644-720D-4D33-81BF-490C364BC3C6}.Debug|Any CPU.ActiveCfg = Debug|Any CPU
		{1B40C644-720D-4D33-81BF-490C364BC3C6}.Debug|Any CPU.Build.0 = Debug|Any CPU
		{1B40C644-720D-4D33-81BF-490C364BC3C6}.Release|Any CPU.ActiveCfg = Release|Any CPU
		{1B40C644-720D-4D33-81BF-490C364BC3C6}.Release|Any CPU.Build.0 = Release|Any CPU
		{A49E0515-5FFC-46E0-B8E3-DAC06F75CF25}.Debug|Any CPU.ActiveCfg = Debug|Any CPU
		{A49E0515-5FFC-46E0-B8E3-DAC06F75CF25}.Debug|Any CPU.Build.0 = Debug|Any CPU
		{A49E0515-5FFC-46E0-B8E3-DAC06F75CF25}.Release|Any CPU.ActiveCfg = Release|Any CPU
		{A49E0515-5FFC-46E0-B8E3-DAC06F75CF25}.Release|Any CPU.Build.0 = Release|Any CPU
		{C8610198-6190-4C6D-92E4-95234908545A}.Debug|Any CPU.ActiveCfg = Debug|Any CPU
		{C8610198-6190-4C6D-92E4-95234908545A}.Debug|Any CPU.Build.0 = Debug|Any CPU
		{C8610198-6190-4C6D-92E4-95234908545A}.Release|Any CPU.ActiveCfg = Release|Any CPU
		{C8610198-6190-4C6D-92E4-95234908545A}.Release|Any CPU.Build.0 = Release|Any CPU
		{B187FD84-845D-4619-9E0F-6CE8070FE475}.Debug|Any CPU.ActiveCfg = Debug|Any CPU
		{B187FD84-845D-4619-9E0F-6CE8070FE475}.Debug|Any CPU.Build.0 = Debug|Any CPU
		{B187FD84-845D-4619-9E0F-6CE8070FE475}.Release|Any CPU.ActiveCfg = Release|Any CPU
		{B187FD84-845D-4619-9E0F-6CE8070FE475}.Release|Any CPU.Build.0 = Release|Any CPU
		{C67A4336-8A82-400B-BC4F-9002762BB121}.Debug|Any CPU.ActiveCfg = Debug|Any CPU
		{C67A4336-8A82-400B-BC4F-9002762BB121}.Debug|Any CPU.Build.0 = Debug|Any CPU
		{C67A4336-8A82-400B-BC4F-9002762BB121}.Release|Any CPU.ActiveCfg = Release|Any CPU
		{C67A4336-8A82-400B-BC4F-9002762BB121}.Release|Any CPU.Build.0 = Release|Any CPU
		{D1499DD5-A721-48FB-85CC-F21E7853A76B}.Debug|Any CPU.ActiveCfg = Debug|Any CPU
		{D1499DD5-A721-48FB-85CC-F21E7853A76B}.Debug|Any CPU.Build.0 = Debug|Any CPU
		{D1499DD5-A721-48FB-85CC-F21E7853A76B}.Release|Any CPU.ActiveCfg = Release|Any CPU
		{D1499DD5-A721-48FB-85CC-F21E7853A76B}.Release|Any CPU.Build.0 = Release|Any CPU
		{091F056B-61AC-4CA2-B5A9-AEA1C79D65B6}.Debug|Any CPU.ActiveCfg = Debug|Any CPU
		{091F056B-61AC-4CA2-B5A9-AEA1C79D65B6}.Debug|Any CPU.Build.0 = Debug|Any CPU
		{091F056B-61AC-4CA2-B5A9-AEA1C79D65B6}.Release|Any CPU.ActiveCfg = Release|Any CPU
		{091F056B-61AC-4CA2-B5A9-AEA1C79D65B6}.Release|Any CPU.Build.0 = Release|Any CPU
		{C22A0891-4CC1-493A-B1C8-E21BEC488F84}.Debug|Any CPU.ActiveCfg = Debug|Any CPU
		{C22A0891-4CC1-493A-B1C8-E21BEC488F84}.Debug|Any CPU.Build.0 = Debug|Any CPU
		{C22A0891-4CC1-493A-B1C8-E21BEC488F84}.Release|Any CPU.ActiveCfg = Release|Any CPU
		{C22A0891-4CC1-493A-B1C8-E21BEC488F84}.Release|Any CPU.Build.0 = Release|Any CPU
		{591427D8-95AA-4331-93A9-6C21675F8BAE}.Debug|Any CPU.ActiveCfg = Debug|Any CPU
		{591427D8-95AA-4331-93A9-6C21675F8BAE}.Debug|Any CPU.Build.0 = Debug|Any CPU
		{591427D8-95AA-4331-93A9-6C21675F8BAE}.Release|Any CPU.ActiveCfg = Release|Any CPU
		{591427D8-95AA-4331-93A9-6C21675F8BAE}.Release|Any CPU.Build.0 = Release|Any CPU
		{1F8DE0A6-11AD-42B0-8267-AD66E24C83DA}.Debug|Any CPU.ActiveCfg = Debug|Any CPU
		{1F8DE0A6-11AD-42B0-8267-AD66E24C83DA}.Debug|Any CPU.Build.0 = Debug|Any CPU
		{1F8DE0A6-11AD-42B0-8267-AD66E24C83DA}.Release|Any CPU.ActiveCfg = Release|Any CPU
		{1F8DE0A6-11AD-42B0-8267-AD66E24C83DA}.Release|Any CPU.Build.0 = Release|Any CPU
		{FE2546C7-6AB0-48C7-8737-3DD6328B575F}.Debug|Any CPU.ActiveCfg = Debug|Any CPU
		{FE2546C7-6AB0-48C7-8737-3DD6328B575F}.Debug|Any CPU.Build.0 = Debug|Any CPU
		{FE2546C7-6AB0-48C7-8737-3DD6328B575F}.Release|Any CPU.ActiveCfg = Release|Any CPU
		{FE2546C7-6AB0-48C7-8737-3DD6328B575F}.Release|Any CPU.Build.0 = Release|Any CPU
		{3F8A3EBE-18D6-47B4-9E6A-DD3AF811D139}.Debug|Any CPU.ActiveCfg = Debug|Any CPU
		{3F8A3EBE-18D6-47B4-9E6A-DD3AF811D139}.Debug|Any CPU.Build.0 = Debug|Any CPU
		{3F8A3EBE-18D6-47B4-9E6A-DD3AF811D139}.Release|Any CPU.ActiveCfg = Release|Any CPU
		{3F8A3EBE-18D6-47B4-9E6A-DD3AF811D139}.Release|Any CPU.Build.0 = Release|Any CPU
		{828D6047-1636-48C1-9812-881586E43BD2}.Debug|Any CPU.ActiveCfg = Debug|Any CPU
		{828D6047-1636-48C1-9812-881586E43BD2}.Debug|Any CPU.Build.0 = Debug|Any CPU
		{828D6047-1636-48C1-9812-881586E43BD2}.Release|Any CPU.ActiveCfg = Release|Any CPU
		{828D6047-1636-48C1-9812-881586E43BD2}.Release|Any CPU.Build.0 = Release|Any CPU
		{53A5FE49-553B-4736-8F68-DCB8D423A1DA}.Debug|Any CPU.ActiveCfg = Debug|Any CPU
		{53A5FE49-553B-4736-8F68-DCB8D423A1DA}.Debug|Any CPU.Build.0 = Debug|Any CPU
		{53A5FE49-553B-4736-8F68-DCB8D423A1DA}.Release|Any CPU.ActiveCfg = Release|Any CPU
		{53A5FE49-553B-4736-8F68-DCB8D423A1DA}.Release|Any CPU.Build.0 = Release|Any CPU
		{E7FD286D-36CB-4179-9543-9E14E6373476}.Debug|Any CPU.ActiveCfg = Debug|Any CPU
		{E7FD286D-36CB-4179-9543-9E14E6373476}.Debug|Any CPU.Build.0 = Debug|Any CPU
		{E7FD286D-36CB-4179-9543-9E14E6373476}.Release|Any CPU.ActiveCfg = Release|Any CPU
		{E7FD286D-36CB-4179-9543-9E14E6373476}.Release|Any CPU.Build.0 = Release|Any CPU
		{967F108D-39A3-41FA-9D0B-A4DD8B30509D}.Debug|Any CPU.ActiveCfg = Debug|Any CPU
		{967F108D-39A3-41FA-9D0B-A4DD8B30509D}.Debug|Any CPU.Build.0 = Debug|Any CPU
		{967F108D-39A3-41FA-9D0B-A4DD8B30509D}.Release|Any CPU.ActiveCfg = Release|Any CPU
		{967F108D-39A3-41FA-9D0B-A4DD8B30509D}.Release|Any CPU.Build.0 = Release|Any CPU
	EndGlobalSection
	GlobalSection(SolutionProperties) = preSolution
		HideSolutionNode = FALSE
	EndGlobalSection
	GlobalSection(NestedProjects) = preSolution
		{56F0D7E6-AE58-48EE-8207-F8B2C914B0EC} = {E52331BD-C13C-4856-BCE7-F6F1EA00B5D2}
		{3DEEBB27-B341-450F-924A-85E72E1C922C} = {E52331BD-C13C-4856-BCE7-F6F1EA00B5D2}
		{208AD482-5E96-432A-BF42-CDA700334FC3} = {E52331BD-C13C-4856-BCE7-F6F1EA00B5D2}
		{446C92B6-0323-425B-BCCB-EDB2CD6A2D87} = {3CC16743-8CC8-48B7-8E3A-91AD2480B78A}
		{82F76A8A-05BD-4A9D-80C2-1548364319B2} = {3CC16743-8CC8-48B7-8E3A-91AD2480B78A}
		{80CB9F33-E3F6-4A33-A002-90F884398C5F} = {3CC16743-8CC8-48B7-8E3A-91AD2480B78A}
		{13C06413-7E91-47A1-A781-B29100FDB5AC} = {3CC16743-8CC8-48B7-8E3A-91AD2480B78A}
		{9E93D9D8-314A-4124-9FCA-335CE676DEC6} = {3CC16743-8CC8-48B7-8E3A-91AD2480B78A}
		{062E0D70-CE93-451E-B4E8-EFAF2C145FF4} = {3CC16743-8CC8-48B7-8E3A-91AD2480B78A}
		{E725ABD0-1CD1-4E98-8104-AE975037A1DF} = {3CC16743-8CC8-48B7-8E3A-91AD2480B78A}
		{F0CF7DA5-3B74-40D7-AE92-46F43D94D66E} = {14BB56CF-0278-4308-BCDD-844790A07899}
		{F6115FB2-BDCD-40BC-BDC0-B0FAFF3842CE} = {14BB56CF-0278-4308-BCDD-844790A07899}
		{2D3F3C68-8DAC-48B8-9863-EF404DA292A3} = {14BB56CF-0278-4308-BCDD-844790A07899}
		{A5D6367B-816E-48B7-B074-F049DBBCB35F} = {14BB56CF-0278-4308-BCDD-844790A07899}
		{AFB336B5-4497-44F4-99D8-920ECB40D2DF} = {14BB56CF-0278-4308-BCDD-844790A07899}
		{F8F38F82-5103-40D3-BEA6-314DB8F8CC5C} = {14BB56CF-0278-4308-BCDD-844790A07899}
		{B0290082-762C-4250-9A86-8385DDF1E766} = {14BB56CF-0278-4308-BCDD-844790A07899}
		{919D5D84-EBF7-42DB-974F-BE18C395CA60} = {14BB56CF-0278-4308-BCDD-844790A07899}
		{75D27D0B-C50B-4465-B372-6099CDEC12BF} = {14BB56CF-0278-4308-BCDD-844790A07899}
		{F41981E8-B8D9-41E2-9D44-498B93B5C3AE} = {14BB56CF-0278-4308-BCDD-844790A07899}
		{1B40C644-720D-4D33-81BF-490C364BC3C6} = {E52331BD-C13C-4856-BCE7-F6F1EA00B5D2}
		{A49E0515-5FFC-46E0-B8E3-DAC06F75CF25} = {E52331BD-C13C-4856-BCE7-F6F1EA00B5D2}
		{C8610198-6190-4C6D-92E4-95234908545A} = {E52331BD-C13C-4856-BCE7-F6F1EA00B5D2}
		{B187FD84-845D-4619-9E0F-6CE8070FE475} = {895DA225-CE34-49AC-9242-FEF5254E2F96}
		{C67A4336-8A82-400B-BC4F-9002762BB121} = {895DA225-CE34-49AC-9242-FEF5254E2F96}
		{D1499DD5-A721-48FB-85CC-F21E7853A76B} = {895DA225-CE34-49AC-9242-FEF5254E2F96}
		{091F056B-61AC-4CA2-B5A9-AEA1C79D65B6} = {895DA225-CE34-49AC-9242-FEF5254E2F96}
		{C22A0891-4CC1-493A-B1C8-E21BEC488F84} = {895DA225-CE34-49AC-9242-FEF5254E2F96}
		{591427D8-95AA-4331-93A9-6C21675F8BAE} = {895DA225-CE34-49AC-9242-FEF5254E2F96}
		{1F8DE0A6-11AD-42B0-8267-AD66E24C83DA} = {6AC1F8A1-583B-4004-A38D-864F62A79734}
		{FE2546C7-6AB0-48C7-8737-3DD6328B575F} = {6AC1F8A1-583B-4004-A38D-864F62A79734}
		{3F8A3EBE-18D6-47B4-9E6A-DD3AF811D139} = {14BB56CF-0278-4308-BCDD-844790A07899}
		{828D6047-1636-48C1-9812-881586E43BD2} = {14BB56CF-0278-4308-BCDD-844790A07899}
		{53A5FE49-553B-4736-8F68-DCB8D423A1DA} = {14BB56CF-0278-4308-BCDD-844790A07899}
		{E7FD286D-36CB-4179-9543-9E14E6373476} = {14BB56CF-0278-4308-BCDD-844790A07899}
		{967F108D-39A3-41FA-9D0B-A4DD8B30509D} = {14BB56CF-0278-4308-BCDD-844790A07899}
	EndGlobalSection
	GlobalSection(ExtensibilityGlobals) = postSolution
		SolutionGuid = {B0FE9AAB-92F0-42D5-9054-37FD3BC7A8FE}
	EndGlobalSection
EndGlobal
